
Microsoft Visual Studio Solution File, Format Version 12.00
# Visual Studio Version 17
VisualStudioVersion = 17.9.34728.123
MinimumVisualStudioVersion = 10.0.40219.1
Project("{FAE04EC0-301F-11D3-BF4B-00C04F79EFBC}") = "FPV.API", "FPV.API.csproj", "{2BB1C35D-3D69-4CD0-B6EF-32D1DDD7770F}"
EndProject
Project("{FAE04EC0-301F-11D3-BF4B-00C04F79EFBC}") = "FPV.API.IoCRegister", "..\FPV.API.IoCRegister\FPV.API.IoCRegister.csproj", "{14E0E988-41D0-4096-AC3B-9D9B8EDB80AE}"
EndProject
Project("{FAE04EC0-301F-11D3-BF4B-00C04F79EFBC}") = "FPV.API.Business", "..\FPV.API.Business\FPV.API.Business.csproj", "{4DC10CF9-9ED8-482F-A934-E858AAE4CD6F}"
EndProject
Project("{FAE04EC0-301F-11D3-BF4B-00C04F79EFBC}") = "FPV.API.Core", "..\FPV.API.Core\FPV.API.Core.csproj", "{EF5D6AB2-0C00-4F46-A4E9-29BEE995E5ED}"
EndProject
Project("{FAE04EC0-301F-11D3-BF4B-00C04F79EFBC}") = "FPV.Common", "..\FPV.Common\FPV.Common.csproj", "{8E8F8BDF-12F7-40D4-AE4E-C60F2EBC0F4E}"
EndProject
Global
	GlobalSection(SolutionConfigurationPlatforms) = preSolution
		Debug|Any CPU = Debug|Any CPU
		Release|Any CPU = Release|Any CPU
	EndGlobalSection
	GlobalSection(ProjectConfigurationPlatforms) = postSolution
		{2BB1C35D-3D69-4CD0-B6EF-32D1DDD7770F}.Debug|Any CPU.ActiveCfg = Debug|Any CPU
		{2BB1C35D-3D69-4CD0-B6EF-32D1DDD7770F}.Debug|Any CPU.Build.0 = Debug|Any CPU
		{2BB1C35D-3D69-4CD0-B6EF-32D1DDD7770F}.Release|Any CPU.ActiveCfg = Release|Any CPU
		{2BB1C35D-3D69-4CD0-B6EF-32D1DDD7770F}.Release|Any CPU.Build.0 = Release|Any CPU
		{14E0E988-41D0-4096-AC3B-9D9B8EDB80AE}.Debug|Any CPU.ActiveCfg = Debug|Any CPU
		{14E0E988-41D0-4096-AC3B-9D9B8EDB80AE}.Debug|Any CPU.Build.0 = Debug|Any CPU
		{14E0E988-41D0-4096-AC3B-9D9B8EDB80AE}.Release|Any CPU.ActiveCfg = Release|Any CPU
		{14E0E988-41D0-4096-AC3B-9D9B8EDB80AE}.Release|Any CPU.Build.0 = Release|Any CPU
		{4DC10CF9-9ED8-482F-A934-E858AAE4CD6F}.Debug|Any CPU.ActiveCfg = Debug|Any CPU
		{4DC10CF9-9ED8-482F-A934-E858AAE4CD6F}.Debug|Any CPU.Build.0 = Debug|Any CPU
		{4DC10CF9-9ED8-482F-A934-E858AAE4CD6F}.Release|Any CPU.ActiveCfg = Release|Any CPU
		{4DC10CF9-9ED8-482F-A934-E858AAE4CD6F}.Release|Any CPU.Build.0 = Release|Any CPU
		{EF5D6AB2-0C00-4F46-A4E9-29BEE995E5ED}.Debug|Any CPU.ActiveCfg = Debug|Any CPU
		{EF5D6AB2-0C00-4F46-A4E9-29BEE995E5ED}.Debug|Any CPU.Build.0 = Debug|Any CPU
		{EF5D6AB2-0C00-4F46-A4E9-29BEE995E5ED}.Release|Any CPU.ActiveCfg = Release|Any CPU
		{EF5D6AB2-0C00-4F46-A4E9-29BEE995E5ED}.Release|Any CPU.Build.0 = Release|Any CPU
		{8E8F8BDF-12F7-40D4-AE4E-C60F2EBC0F4E}.Debug|Any CPU.ActiveCfg = Debug|Any CPU
		{8E8F8BDF-12F7-40D4-AE4E-C60F2EBC0F4E}.Debug|Any CPU.Build.0 = Debug|Any CPU
		{8E8F8BDF-12F7-40D4-AE4E-C60F2EBC0F4E}.Release|Any CPU.ActiveCfg = Release|Any CPU
		{8E8F8BDF-12F7-40D4-AE4E-C60F2EBC0F4E}.Release|Any CPU.Build.0 = Release|Any CPU
	EndGlobalSection
	GlobalSection(SolutionProperties) = preSolution
		HideSolutionNode = FALSE
	EndGlobalSection
	GlobalSection(ExtensibilityGlobals) = postSolution
		SolutionGuid = {18B81E02-DB1F-4BC3-9BFF-2A4364DDB73F}
	EndGlobalSection
EndGlobal
